
Microsoft Visual Studio Solution File, Format Version 12.00
# Visual Studio Version 17
VisualStudioVersion = 17.0.32014.148
MinimumVisualStudioVersion = 10.0.40219.1
Project("{FAE04EC0-301F-11D3-BF4B-00C04F79EFBC}") = "Helperland", "Helperland.csproj", "{5F508396-C9DD-43D6-8F8A-9112EE3D7DE9}"
EndProject
Global
	GlobalSection(SolutionConfigurationPlatforms) = preSolution
		Debug|Any CPU = Debug|Any CPU
		Release|Any CPU = Release|Any CPU
	EndGlobalSection
	GlobalSection(ProjectConfigurationPlatforms) = postSolution
		{5F508396-C9DD-43D6-8F8A-9112EE3D7DE9}.Debug|Any CPU.ActiveCfg = Debug|Any CPU
		{5F508396-C9DD-43D6-8F8A-9112EE3D7DE9}.Debug|Any CPU.Build.0 = Debug|Any CPU
		{5F508396-C9DD-43D6-8F8A-9112EE3D7DE9}.Release|Any CPU.ActiveCfg = Release|Any CPU
		{5F508396-C9DD-43D6-8F8A-9112EE3D7DE9}.Release|Any CPU.Build.0 = Release|Any CPU
	EndGlobalSection
	GlobalSection(SolutionProperties) = preSolution
		HideSolutionNode = FALSE
	EndGlobalSection
	GlobalSection(ExtensibilityGlobals) = postSolution
		SolutionGuid = {A128F895-2E63-4215-869F-27E2309B6B61}
	EndGlobalSection
EndGlobal
